Microsoft Visual Studio Solution File, Format Version 12.00
# Visual Studio Version 17
VisualStudioVersion = 17.5.2.0
MinimumVisualStudioVersion = 10.0.40219.1
Project("{FAE04EC0-301F-11D3-BF4B-00C04F79EFBC}") = "OnlineStore", "OnlineStore.csproj", "{905E0D6D-31C8-08A4-CC5C-BFD9CFFAB03D}"
EndProject
Global
	GlobalSection(SolutionConfigurationPlatforms) = preSolution
		Debug|Any CPU = Debug|Any CPU
		Release|Any CPU = Release|Any CPU
	EndGlobalSection
	GlobalSection(ProjectConfigurationPlatforms) = postSolution
		{905E0D6D-31C8-08A4-CC5C-BFD9CFFAB03D}.Debug|Any CPU.ActiveCfg = Debug|Any CPU
		{905E0D6D-31C8-08A4-CC5C-BFD9CFFAB03D}.Debug|Any CPU.Build.0 = Debug|Any CPU
		{905E0D6D-31C8-08A4-CC5C-BFD9CFFAB03D}.Release|Any CPU.ActiveCfg = Release|Any CPU
		{905E0D6D-31C8-08A4-CC5C-BFD9CFFAB03D}.Release|Any CPU.Build.0 = Release|Any CPU
	EndGlobalSection
	GlobalSection(SolutionProperties) = preSolution
		HideSolutionNode = FALSE
	EndGlobalSection
	GlobalSection(ExtensibilityGlobals) = postSolution
		SolutionGuid = {2822C360-178A-4C06-9659-05C9263E1209}
	EndGlobalSection
EndGlobal
